
Microsoft Visual Studio Solution File, Format Version 12.00
# Visual Studio Version 17
VisualStudioVersion = 17.7.34221.43
MinimumVisualStudioVersion = 10.0.40219.1
Project("{FAE04EC0-301F-11D3-BF4B-00C04F79EFBC}") = "eve blueprint view", "eve blueprint view\eve blueprint view.csproj", "{2834E5EA-64EC-42C0-9636-14AAEB3C4839}"
EndProject
Global
	GlobalSection(SolutionConfigurationPlatforms) = preSolution
		Debug|Any CPU = Debug|Any CPU
		Release|Any CPU = Release|Any CPU
	EndGlobalSection
	GlobalSection(ProjectConfigurationPlatforms) = postSolution
		{2834E5EA-64EC-42C0-9636-14AAEB3C4839}.Debug|Any CPU.ActiveCfg = Debug|Any CPU
		{2834E5EA-64EC-42C0-9636-14AAEB3C4839}.Debug|Any CPU.Build.0 = Debug|Any CPU
		{2834E5EA-64EC-42C0-9636-14AAEB3C4839}.Release|Any CPU.ActiveCfg = Release|Any CPU
		{2834E5EA-64EC-42C0-9636-14AAEB3C4839}.Release|Any CPU.Build.0 = Release|Any CPU
	EndGlobalSection
	GlobalSection(SolutionProperties) = preSolution
		HideSolutionNode = FALSE
	EndGlobalSection
	GlobalSection(ExtensibilityGlobals) = postSolution
		SolutionGuid = {08144755-636B-470C-9A02-0A54C02D1F7D}
	EndGlobalSection
EndGlobal
